
Microsoft Visual Studio Solution File, Format Version 12.00
# Visual Studio Version 16
VisualStudioVersion = 16.0.29306.81
MinimumVisualStudioVersion = 10.0.40219.1
Project("{FAE04EC0-301F-11D3-BF4B-00C04F79EFBC}") = "Ismetles", "Ismetles\Ismetles.csproj", "{2E5180A2-0052-44AF-BD35-D44BDF8AA431}"
EndProject
Global
	GlobalSection(SolutionConfigurationPlatforms) = preSolution
		Debug|Any CPU = Debug|Any CPU
		Release|Any CPU = Release|Any CPU
	EndGlobalSection
	GlobalSection(ProjectConfigurationPlatforms) = postSolution
		{2E5180A2-0052-44AF-BD35-D44BDF8AA431}.Debug|Any CPU.ActiveCfg = Debug|Any CPU
		{2E5180A2-0052-44AF-BD35-D44BDF8AA431}.Debug|Any CPU.Build.0 = Debug|Any CPU
		{2E5180A2-0052-44AF-BD35-D44BDF8AA431}.Release|Any CPU.ActiveCfg = Release|Any CPU
		{2E5180A2-0052-44AF-BD35-D44BDF8AA431}.Release|Any CPU.Build.0 = Release|Any CPU
	EndGlobalSection
	GlobalSection(SolutionProperties) = preSolution
		HideSolutionNode = FALSE
	EndGlobalSection
	GlobalSection(ExtensibilityGlobals) = postSolution
		SolutionGuid = {D6CCD7B5-01A2-4FE0-8C06-C50C212E6910}
	EndGlobalSection
EndGlobal
